
Microsoft Visual Studio Solution File, Format Version 12.00
# Visual Studio Version 17
VisualStudioVersion = 17.9.34902.65
MinimumVisualStudioVersion = 10.0.40219.1
Project("{9A19103F-16F7-4668-BE54-9A1E7A4F7556}") = "TodoApi", "TodoApi.csproj", "{E6054128-3301-4E85-9955-DE84B13EF42F}"
EndProject
Global
	GlobalSection(SolutionConfigurationPlatforms) = preSolution
		Debug|Any CPU = Debug|Any CPU
		Release|Any CPU = Release|Any CPU
	EndGlobalSection
	GlobalSection(ProjectConfigurationPlatforms) = postSolution
		{E6054128-3301-4E85-9955-DE84B13EF42F}.Debug|Any CPU.ActiveCfg = Debug|Any CPU
		{E6054128-3301-4E85-9955-DE84B13EF42F}.Debug|Any CPU.Build.0 = Debug|Any CPU
		{E6054128-3301-4E85-9955-DE84B13EF42F}.Release|Any CPU.ActiveCfg = Release|Any CPU
		{E6054128-3301-4E85-9955-DE84B13EF42F}.Release|Any CPU.Build.0 = Release|Any CPU
	EndGlobalSection
	GlobalSection(SolutionProperties) = preSolution
		HideSolutionNode = FALSE
	EndGlobalSection
	GlobalSection(ExtensibilityGlobals) = postSolution
		SolutionGuid = {AB8EA30B-D944-4BA3-B64E-19D7EE33C86C}
	EndGlobalSection
EndGlobal
